// !$*UTF8*$!
{
	archiveVersion = 1;
	classes = {
	};
	objectVersion = 46;
	objects = {

/* Begin PBXBuildFile section */
		BE0921CC2055B060002F071E /* SBHistoryCell.m in Sources */ = {isa = PBXBuildFile; fileRef = BE0921CB2055B060002F071E /* SBHistoryCell.m */; };
		BE09E7F9189EDD87008FF16A /* Images.xcassets in Resources */ = {isa = PBXBuildFile; fileRef = BE09E7F8189EDD87008FF16A /* Images.xcassets */; };
		BE09EFAC145321E80094C38C /* UIImage+Resize.m in Sources */ = {isa = PBXBuildFile; fileRef = BE09EFAB145321E80094C38C /* UIImage+Resize.m */; };
		BE09EFB0145322F10094C38C /* UIImage+RoundedCorner.m in Sources */ = {isa = PBXBuildFile; fileRef = BE09EFAF145322F10094C38C /* UIImage+RoundedCorner.m */; };
		BE09EFB3145323310094C38C /* UIImage+Alpha.m in Sources */ = {isa = PBXBuildFile; fileRef = BE09EFB2145323310094C38C /* UIImage+Alpha.m */; };
		BE1695A01434F7AB001FC88F /* ModelScorePlayer.m in Sources */ = {isa = PBXBuildFile; fileRef = BE16959F1434F7AB001FC88F /* ModelScorePlayer.m */; };
		BE2639E1140C14D6006F8C20 /* MobileCoreServices.framework in Frameworks */ = {isa = PBXBuildFile; fileRef = BE2639E0140C14D6006F8C20 /* MobileCoreServices.framework */; };
		BE2F12A52059C05100F55695 /* Launch Screen.storyboard in Resources */ = {isa = PBXBuildFile; fileRef = BE2F12A42059C05100F55695 /* Launch Screen.storyboard */; };
		BE3A7FA81416AEDE009A1B0B /* AddressBookUI.framework in Frameworks */ = {isa = PBXBuildFile; fileRef = BE3A7FA71416AEDE009A1B0B /* AddressBookUI.framework */; };
		BE3A7FAB1416AEED009A1B0B /* AddressBook.framework in Frameworks */ = {isa = PBXBuildFile; fileRef = BE3A7FAA1416AEED009A1B0B /* AddressBook.framework */; };
		BE3D07041466C645006508BC /* Icon.png in Resources */ = {isa = PBXBuildFile; fileRef = BE3D07031466C645006508BC /* Icon.png */; };
		BE3D07061466C662006508BC /* Icon@2x.png in Resources */ = {isa = PBXBuildFile; fileRef = BE3D07051466C662006508BC /* Icon@2x.png */; };
		BE522F69189C0FE100D760C1 /* MainStoryboard.storyboard in Resources */ = {isa = PBXBuildFile; fileRef = BE522F6B189C0FE100D760C1 /* MainStoryboard.storyboard */; };
		BE63BC3F19DC1FCE008F9993 /* Launch.jpg in Resources */ = {isa = PBXBuildFile; fileRef = BE63BC3E19DC1FCE008F9993 /* Launch.jpg */; };
		BE66A93320586EC700BF0127 /* SBActionsTableViewCell.m in Sources */ = {isa = PBXBuildFile; fileRef = BE66A93220586EC700BF0127 /* SBActionsTableViewCell.m */; };
		BE68714A13FAFC1500E515D8 /* SBPlayersViewContoller.m in Sources */ = {isa = PBXBuildFile; fileRef = BE68714913FAFC1500E515D8 /* SBPlayersViewContoller.m */; };
		BE68714D13FB069700E515D8 /* CoreData.framework in Frameworks */ = {isa = PBXBuildFile; fileRef = BE68714C13FB069700E515D8 /* CoreData.framework */; };
		BE76646514404F6E00543CB1 /* ModelScoreBoard.m in Sources */ = {isa = PBXBuildFile; fileRef = BE76646414404F6E00543CB1 /* ModelScoreBoard.m */; };
		BE8DC921142DCDCF00F334DE /* ScoreBoardModel.xcdatamodeld in Sources */ = {isa = PBXBuildFile; fileRef = BE8DC91F142DCDCF00F334DE /* ScoreBoardModel.xcdatamodeld */; };
		BE932AB4142FC75100324CC3 /* ModelPlayer.m in Sources */ = {isa = PBXBuildFile; fileRef = BE932AB3142FC75100324CC3 /* ModelPlayer.m */; };
		BE934CB81438C1050051B5AA /* No_Photo.png in Resources */ = {isa = PBXBuildFile; fileRef = BE934CB71438C1050051B5AA /* No_Photo.png */; };
		BE9589CA1441A73600B0D124 /* SBGameTypeViewController.m in Sources */ = {isa = PBXBuildFile; fileRef = BE9589C91441A73600B0D124 /* SBGameTypeViewController.m */; };
		BE9589D61441D19D00B0D124 /* ModelGameConfig.m in Sources */ = {isa = PBXBuildFile; fileRef = BE9589D51441D19D00B0D124 /* ModelGameConfig.m */; };
		BE9699EE1435665800D0DD59 /* ModelScoreList.m in Sources */ = {isa = PBXBuildFile; fileRef = BE9699ED1435665800D0DD59 /* ModelScoreList.m */; };
		BE9D25C81645373F0040A556 /* default-568h@2x.png in Resources */ = {isa = PBXBuildFile; fileRef = BE9D25C71645373F0040A556 /* default-568h@2x.png */; };
		BEA2A91C143B8AB100167466 /* SBPlayersCell.m in Sources */ = {isa = PBXBuildFile; fileRef = BEA2A91B143B8AB100167466 /* SBPlayersCell.m */; };
		BEAC1D8619D8026B0019D87A /* SBRearMenuViewController.m in Sources */ = {isa = PBXBuildFile; fileRef = BEAC1D8519D8026A0019D87A /* SBRearMenuViewController.m */; };
		BEB091C018941FBB0012CA47 /* MailHelper.m in Sources */ = {isa = PBXBuildFile; fileRef = BEB091BF18941FBB0012CA47 /* MailHelper.m */; };
		BEB091C3189420F00012CA47 /* Utilities.m in Sources */ = {isa = PBXBuildFile; fileRef = BEB091C2189420F00012CA47 /* Utilities.m */; };
		BEBA14171893090B00FD18A8 /* DatabaseHelper.m in Sources */ = {isa = PBXBuildFile; fileRef = BEBA14161893090B00FD18A8 /* DatabaseHelper.m */; };
		BEBB81641444EB870070F64A /* MessageUI.framework in Frameworks */ = {isa = PBXBuildFile; fileRef = BEBB81631444EB870070F64A /* MessageUI.framework */; };
		BEC8977914042E1C00D1F674 /* SBAddScoreToPlayerViewController.m in Sources */ = {isa = PBXBuildFile; fileRef = BEC8977814042E1C00D1F674 /* SBAddScoreToPlayerViewController.m */; };
		BEC8F6F413F197650051770E /* UIKit.framework in Frameworks */ = {isa = PBXBuildFile; fileRef = BEC8F6F313F197650051770E /* UIKit.framework */; };
		BEC8F6F613F197650051770E /* Foundation.framework in Frameworks */ = {isa = PBXBuildFile; fileRef = BEC8F6F513F197650051770E /* Foundation.framework */; };
		BEC8F6F813F197650051770E /* CoreGraphics.framework in Frameworks */ = {isa = PBXBuildFile; fileRef = BEC8F6F713F197650051770E /* CoreGraphics.framework */; };
		BEC8F70013F197660051770E /* main.m in Sources */ = {isa = PBXBuildFile; fileRef = BEC8F6FF13F197650051770E /* main.m */; };
		BEC8F70413F197660051770E /* ScoreBoardAppDelegate.m in Sources */ = {isa = PBXBuildFile; fileRef = BEC8F70313F197660051770E /* ScoreBoardAppDelegate.m */; };
		BEC8F70F13F197660051770E /* SenTestingKit.framework in Frameworks */ = {isa = PBXBuildFile; fileRef = BEC8F70E13F197660051770E /* SenTestingKit.framework */; };
		BEC8F71013F197660051770E /* UIKit.framework in Frameworks */ = {isa = PBXBuildFile; fileRef = BEC8F6F313F197650051770E /* UIKit.framework */; };
		BEC8F71113F197660051770E /* Foundation.framework in Frameworks */ = {isa = PBXBuildFile; fileRef = BEC8F6F513F197650051770E /* Foundation.framework */; };
		BEC8F71213F197660051770E /* CoreGraphics.framework in Frameworks */ = {isa = PBXBuildFile; fileRef = BEC8F6F713F197650051770E /* CoreGraphics.framework */; };
		BEC8F71C13F197660051770E /* ScoreBoardTests.h in Resources */ = {isa = PBXBuildFile; fileRef = BEC8F71B13F197660051770E /* ScoreBoardTests.h */; };
		BEC8F71E13F197660051770E /* ScoreBoardTests.m in Sources */ = {isa = PBXBuildFile; fileRef = BEC8F71D13F197660051770E /* ScoreBoardTests.m */; };
		BED2828C19DDB1480005C7FC /* Localizable.strings in Resources */ = {isa = PBXBuildFile; fileRef = BED2828E19DDB1480005C7FC /* Localizable.strings */; };
		BED9C7C619D9BB1600CC9D81 /* SBRearMenuCell.m in Sources */ = {isa = PBXBuildFile; fileRef = BED9C7C519D9BB1600CC9D81 /* SBRearMenuCell.m */; };
		BED9C7CB19DAA04900CC9D81 /* SBGameManager.m in Sources */ = {isa = PBXBuildFile; fileRef = BED9C7CA19DAA04900CC9D81 /* SBGameManager.m */; };
		BEE631D0205E670700BB4673 /* Screenshots in Resources */ = {isa = PBXBuildFile; fileRef = BEE631CF205E670700BB4673 /* Screenshots */; };
		BEE63217205EA51200BB4673 /* MainSplitViewController.m in Sources */ = {isa = PBXBuildFile; fileRef = BEE63216205EA51200BB4673 /* MainSplitViewController.m */; };
		BEE89FF9143324A200039D87 /* DatabaseAccess.m in Sources */ = {isa = PBXBuildFile; fileRef = BEE89FF8143324A200039D87 /* DatabaseAccess.m */; };
		BEE98E9413FD858500716683 /* SBAddPlayerViewController.m in Sources */ = {isa = PBXBuildFile; fileRef = BEE98E9313FD858500716683 /* SBAddPlayerViewController.m */; };
		BEFF5E3220489016006823FC /* Contacts.framework in Frameworks */ = {isa = PBXBuildFile; fileRef = BEFF5E3020489015006823FC /* Contacts.framework */; };
		BEFF5E3320489016006823FC /* ContactsUI.framework in Frameworks */ = {isa = PBXBuildFile; fileRef = BEFF5E3120489016006823FC /* ContactsUI.framework */; };
/* End PBXBuildFile section */

/* Begin PBXContainerItemProxy section */
		BEC8F71313F197660051770E /* PBXContainerItemProxy */ = {
			isa = PBXContainerItemProxy;
			containerPortal = BEC8F6E613F197650051770E /* Project object */;
			proxyType = 1;
			remoteGlobalIDString = BEC8F6EE13F197650051770E;
			remoteInfo = ScoreBoard;
		};
/* End PBXContainerItemProxy section */

/* Begin PBXFileReference section */
		BE0921CA2055B060002F071E /* SBHistoryCell.h */ = {isa = PBXFileReference; lastKnownFileType = sourcecode.c.h; path = SBHistoryCell.h; sourceTree = "<group>"; };
		BE0921CB2055B060002F071E /* SBHistoryCell.m */ = {isa = PBXFileReference; lastKnownFileType = sourcecode.c.objc; path = SBHistoryCell.m; sourceTree = "<group>"; };
		BE09E7F8189EDD87008FF16A /* Images.xcassets */ = {isa = PBXFileReference; lastKnownFileType = folder.assetcatalog; name = Images.xcassets; path = "Score Log/Images.xcassets"; sourceTree = "<group>"; };
		BE09EFAA145321E80094C38C /* UIImage+Resize.h */ = {isa = PBXFileReference; fileEncoding = 4; lastKnownFileType = sourcecode.c.h; name = "UIImage+Resize.h"; path = "ScoreBoard/UIImage+Resize.h"; sourceTree = "<group>"; };
		BE09EFAB145321E80094C38C /* UIImage+Resize.m */ = {isa = PBXFileReference; fileEncoding = 4; lastKnownFileType = sourcecode.c.objc; name = "UIImage+Resize.m"; path = "ScoreBoard/UIImage+Resize.m"; sourceTree = "<group>"; };
		BE09EFAE145322F10094C38C /* UIImage+RoundedCorner.h */ = {isa = PBXFileReference; fileEncoding = 4; lastKnownFileType = sourcecode.c.h; name = "UIImage+RoundedCorner.h"; path = "ScoreBoard/UIImage+RoundedCorner.h"; sourceTree = "<group>"; };
		BE09EFAF145322F10094C38C /* UIImage+RoundedCorner.m */ = {isa = PBXFileReference; fileEncoding = 4; lastKnownFileType = sourcecode.c.objc; name = "UIImage+RoundedCorner.m"; path = "ScoreBoard/UIImage+RoundedCorner.m"; sourceTree = "<group>"; };
		BE09EFB1145323310094C38C /* UIImage+Alpha.h */ = {isa = PBXFileReference; fileEncoding = 4; lastKnownFileType = sourcecode.c.h; name = "UIImage+Alpha.h"; path = "ScoreBoard/UIImage+Alpha.h"; sourceTree = "<group>"; };
		BE09EFB2145323310094C38C /* UIImage+Alpha.m */ = {isa = PBXFileReference; fileEncoding = 4; lastKnownFileType = sourcecode.c.objc; name = "UIImage+Alpha.m"; path = "ScoreBoard/UIImage+Alpha.m"; sourceTree = "<group>"; };
		BE16959E1434F7AB001FC88F /* ModelScorePlayer.h */ = {isa = PBXFileReference; fileEncoding = 4; lastKnownFileType = sourcecode.c.h; name = ModelScorePlayer.h; path = Model/ModelScorePlayer.h; sourceTree = "<group>"; };
		BE16959F1434F7AB001FC88F /* ModelScorePlayer.m */ = {isa = PBXFileReference; fileEncoding = 4; lastKnownFileType = sourcecode.c.objc; name = ModelScorePlayer.m; path = Model/ModelScorePlayer.m; sourceTree = "<group>"; };
		BE22F85B145D5A8F00210BF8 /* iAd.framework */ = {isa = PBXFileReference; lastKnownFileType = wrapper.framework; name = iAd.framework; path = System/Library/Frameworks/iAd.framework; sourceTree = SDKROOT; };
		BE2639E0140C14D6006F8C20 /* MobileCoreServices.framework */ = {isa = PBXFileReference; lastKnownFileType = wrapper.framework; name = MobileCoreServices.framework; path = System/Library/Frameworks/MobileCoreServices.framework; sourceTree = SDKROOT; };
		BE2F12A32059B1A400F55695 /* fr */ = {isa = PBXFileReference; lastKnownFileType = text.plist.strings; name = fr; path = fr.lproj/MainStoryboard.strings; sourceTree = "<group>"; };
		BE2F12A42059C05100F55695 /* Launch Screen.storyboard */ = {isa = PBXFileReference; lastKnownFileType = file.storyboard; path = "Launch Screen.storyboard"; sourceTree = "<group>"; };
		BE3A7FA71416AEDE009A1B0B /* AddressBookUI.framework */ = {isa = PBXFileReference; lastKnownFileType = wrapper.framework; name = AddressBookUI.framework; path = System/Library/Frameworks/AddressBookUI.framework; sourceTree = SDKROOT; };
		BE3A7FAA1416AEED009A1B0B /* AddressBook.framework */ = {isa = PBXFileReference; lastKnownFileType = wrapper.framework; name = AddressBook.framework; path = System/Library/Frameworks/AddressBook.framework; sourceTree = SDKROOT; };
		BE3D07031466C645006508BC /* Icon.png */ = {isa = PBXFileReference; lastKnownFileType = image.png; name = Icon.png; path = "Gimp Score Log/Icon.png"; sourceTree = "<group>"; };
		BE3D07051466C662006508BC /* Icon@2x.png */ = {isa = PBXFileReference; lastKnownFileType = image.png; name = "Icon@2x.png"; path = "Gimp Score Log/Icon@2x.png"; sourceTree = "<group>"; };
		BE522F6A189C0FE100D760C1 /* Base */ = {isa = PBXFileReference; lastKnownFileType = file.storyboard; name = Base; path = Base.lproj/MainStoryboard.storyboard; sourceTree = "<group>"; };
		BE63BC3E19DC1FCE008F9993 /* Launch.jpg */ = {isa = PBXFileReference; lastKnownFileType = image.jpeg; path = Launch.jpg; sourceTree = "<group>"; };
		BE66A93120586EC700BF0127 /* SBActionsTableViewCell.h */ = {isa = PBXFileReference; lastKnownFileType = sourcecode.c.h; path = SBActionsTableViewCell.h; sourceTree = "<group>"; };
		BE66A93220586EC700BF0127 /* SBActionsTableViewCell.m */ = {isa = PBXFileReference; lastKnownFileType = sourcecode.c.objc; path = SBActionsTableViewCell.m; sourceTree = "<group>"; };
		BE68714813FAFC1500E515D8 /* SBPlayersViewContoller.h */ = {isa = PBXFileReference; fileEncoding = 4; lastKnownFileType = sourcecode.c.h; path = SBPlayersViewContoller.h; sourceTree = "<group>"; };
		BE68714913FAFC1500E515D8 /* SBPlayersViewContoller.m */ = {isa = PBXFileReference; fileEncoding = 4; lastKnownFileType = sourcecode.c.objc; path = SBPlayersViewContoller.m; sourceTree = "<group>"; };
		BE68714C13FB069700E515D8 /* CoreData.framework */ = {isa = PBXFileReference; lastKnownFileType = wrapper.framework; name = CoreData.framework; path = System/Library/Frameworks/CoreData.framework; sourceTree = SDKROOT; };
		BE76646314404F6E00543CB1 /* ModelScoreBoard.h */ = {isa = PBXFileReference; fileEncoding = 4; lastKnownFileType = sourcecode.c.h; name = ModelScoreBoard.h; path = Model/ModelScoreBoard.h; sourceTree = "<group>"; };
		BE76646414404F6E00543CB1 /* ModelScoreBoard.m */ = {isa = PBXFileReference; fileEncoding = 4; lastKnownFileType = sourcecode.c.objc; name = ModelScoreBoard.m; path = Model/ModelScoreBoard.m; sourceTree = "<group>"; };
		BE8DC920142DCDCF00F334DE /* ScoreBoardModel.xcdatamodel */ = {isa = PBXFileReference; lastKnownFileType = wrapper.xcdatamodel; path = ScoreBoardModel.xcdatamodel; sourceTree = "<group>"; };
		BE932AB2142FC75100324CC3 /* ModelPlayer.h */ = {isa = PBXFileReference; fileEncoding = 4; lastKnownFileType = sourcecode.c.h; name = ModelPlayer.h; path = Model/ModelPlayer.h; sourceTree = "<group>"; };
		BE932AB3142FC75100324CC3 /* ModelPlayer.m */ = {isa = PBXFileReference; fileEncoding = 4; lastKnownFileType = sourcecode.c.objc; name = ModelPlayer.m; path = Model/ModelPlayer.m; sourceTree = "<group>"; };
		BE934CB71438C1050051B5AA /* No_Photo.png */ = {isa = PBXFileReference; lastKnownFileType = image.png; name = No_Photo.png; path = ScoreBoard/No_Photo.png; sourceTree = "<group>"; };
		BE9589C81441A73600B0D124 /* SBGameTypeViewController.h */ = {isa = PBXFileReference; fileEncoding = 4; lastKnownFileType = sourcecode.c.h; path = SBGameTypeViewController.h; sourceTree = "<group>"; };
		BE9589C91441A73600B0D124 /* SBGameTypeViewController.m */ = {isa = PBXFileReference; fileEncoding = 4; lastKnownFileType = sourcecode.c.objc; path = SBGameTypeViewController.m; sourceTree = "<group>"; };
		BE9589D41441D19D00B0D124 /* ModelGameConfig.h */ = {isa = PBXFileReference; fileEncoding = 4; lastKnownFileType = sourcecode.c.h; name = ModelGameConfig.h; path = Model/ModelGameConfig.h; sourceTree = "<group>"; };
		BE9589D51441D19D00B0D124 /* ModelGameConfig.m */ = {isa = PBXFileReference; fileEncoding = 4; lastKnownFileType = sourcecode.c.objc; name = ModelGameConfig.m; path = Model/ModelGameConfig.m; sourceTree = "<group>"; };
		BE9699EC1435665800D0DD59 /* ModelScoreList.h */ = {isa = PBXFileReference; fileEncoding = 4; lastKnownFileType = sourcecode.c.h; name = ModelScoreList.h; path = Model/ModelScoreList.h; sourceTree = "<group>"; };
		BE9699ED1435665800D0DD59 /* ModelScoreList.m */ = {isa = PBXFileReference; fileEncoding = 4; lastKnownFileType = sourcecode.c.objc; name = ModelScoreList.m; path = Model/ModelScoreList.m; sourceTree = "<group>"; };
		BE9D25C71645373F0040A556 /* default-568h@2x.png */ = {isa = PBXFileReference; lastKnownFileType = image.png; path = "default-568h@2x.png"; sourceTree = "<group>"; };
		BEA2A91A143B8AB100167466 /* SBPlayersCell.h */ = {isa = PBXFileReference; fileEncoding = 4; lastKnownFileType = sourcecode.c.h; path = SBPlayersCell.h; sourceTree = "<group>"; };
		BEA2A91B143B8AB100167466 /* SBPlayersCell.m */ = {isa = PBXFileReference; fileEncoding = 4; lastKnownFileType = sourcecode.c.objc; path = SBPlayersCell.m; sourceTree = "<group>"; };
		BEAC1D8419D8026A0019D87A /* SBRearMenuViewController.h */ = {isa = PBXFileReference; fileEncoding = 4; lastKnownFileType = sourcecode.c.h; path = SBRearMenuViewController.h; sourceTree = "<group>"; };
		BEAC1D8519D8026A0019D87A /* SBRearMenuViewController.m */ = {isa = PBXFileReference; fileEncoding = 4; lastKnownFileType = sourcecode.c.objc; path = SBRearMenuViewController.m; sourceTree = "<group>"; };
		BEB091BE18941FBB0012CA47 /* MailHelper.h */ = {isa = PBXFileReference; fileEncoding = 4; lastKnownFileType = sourcecode.c.h; path = MailHelper.h; sourceTree = "<group>"; };
		BEB091BF18941FBB0012CA47 /* MailHelper.m */ = {isa = PBXFileReference; fileEncoding = 4; lastKnownFileType = sourcecode.c.objc; path = MailHelper.m; sourceTree = "<group>"; };
		BEB091C1189420F00012CA47 /* Utilities.h */ = {isa = PBXFileReference; fileEncoding = 4; lastKnownFileType = sourcecode.c.h; path = Utilities.h; sourceTree = "<group>"; };
		BEB091C2189420F00012CA47 /* Utilities.m */ = {isa = PBXFileReference; fileEncoding = 4; lastKnownFileType = sourcecode.c.objc; path = Utilities.m; sourceTree = "<group>"; };
		BEBA14151893090B00FD18A8 /* DatabaseHelper.h */ = {isa = PBXFileReference; fileEncoding = 4; lastKnownFileType = sourcecode.c.h; path = DatabaseHelper.h; sourceTree = "<group>"; };
		BEBA14161893090B00FD18A8 /* DatabaseHelper.m */ = {isa = PBXFileReference; fileEncoding = 4; lastKnownFileType = sourcecode.c.objc; path = DatabaseHelper.m; sourceTree = "<group>"; };
		BEBB81631444EB870070F64A /* MessageUI.framework */ = {isa = PBXFileReference; lastKnownFileType = wrapper.framework; name = MessageUI.framework; path = System/Library/Frameworks/MessageUI.framework; sourceTree = SDKROOT; };
		BEC8977714042E1C00D1F674 /* SBAddScoreToPlayerViewController.h */ = {isa = PBXFileReference; fileEncoding = 4; lastKnownFileType = sourcecode.c.h; path = SBAddScoreToPlayerViewController.h; sourceTree = "<group>"; };
		BEC8977814042E1C00D1F674 /* SBAddScoreToPlayerViewController.m */ = {isa = PBXFileReference; fileEncoding = 4; lastKnownFileType = sourcecode.c.objc; path = SBAddScoreToPlayerViewController.m; sourceTree = "<group>"; };
		BEC8F6EF13F197650051770E /* ScoreLog.app */ = {isa = PBXFileReference; explicitFileType = wrapper.application; includeInIndex = 0; path = ScoreLog.app; sourceTree = BUILT_PRODUCTS_DIR; };
		BEC8F6F313F197650051770E /* UIKit.framework */ = {isa = PBXFileReference; lastKnownFileType = wrapper.framework; name = UIKit.framework; path = System/Library/Frameworks/UIKit.framework; sourceTree = SDKROOT; };
		BEC8F6F513F197650051770E /* Foundation.framework */ = {isa = PBXFileReference; lastKnownFileType = wrapper.framework; name = Foundation.framework; path = System/Library/Frameworks/Foundation.framework; sourceTree = SDKROOT; };
		BEC8F6F713F197650051770E /* CoreGraphics.framework */ = {isa = PBXFileReference; lastKnownFileType = wrapper.framework; name = CoreGraphics.framework; path = System/Library/Frameworks/CoreGraphics.framework; sourceTree = SDKROOT; };
		BEC8F6FB13F197650051770E /* ScoreLog-Info.plist */ = {isa = PBXFileReference; lastKnownFileType = text.plist.xml; name = "ScoreLog-Info.plist"; path = "ScoreBoard/ScoreLog-Info.plist"; sourceTree = "<group>"; };
		BEC8F6FF13F197650051770E /* main.m */ = {isa = PBXFileReference; lastKnownFileType = sourcecode.c.objc; path = main.m; sourceTree = "<group>"; };
		BEC8F70113F197660051770E /* ScoreLog-Prefix.pch */ = {isa = PBXFileReference; lastKnownFileType = sourcecode.c.h; name = "ScoreLog-Prefix.pch"; path = "ScoreBoard/ScoreLog-Prefix.pch"; sourceTree = "<group>"; };
		BEC8F70213F197660051770E /* ScoreBoardAppDelegate.h */ = {isa = PBXFileReference; lastKnownFileType = sourcecode.c.h; path = ScoreBoardAppDelegate.h; sourceTree = "<group>"; };
		BEC8F70313F197660051770E /* ScoreBoardAppDelegate.m */ = {isa = PBXFileReference; lastKnownFileType = sourcecode.c.objc; path = ScoreBoardAppDelegate.m; sourceTree = "<group>"; };
		BEC8F70D13F197660051770E /* ScoreLogTests.octest */ = {isa = PBXFileReference; explicitFileType = wrapper.cfbundle; includeInIndex = 0; path = ScoreLogTests.octest; sourceTree = BUILT_PRODUCTS_DIR; };
		BEC8F70E13F197660051770E /* SenTestingKit.framework */ = {isa = PBXFileReference; lastKnownFileType = wrapper.framework; name = SenTestingKit.framework; path = Library/Frameworks/SenTestingKit.framework; sourceTree = DEVELOPER_DIR; };
		BEC8F71713F197660051770E /* ScoreLogTests-Info.plist */ = {isa = PBXFileReference; lastKnownFileType = text.plist.xml; path = "ScoreLogTests-Info.plist"; sourceTree = "<group>"; };
		BEC8F71B13F197660051770E /* ScoreBoardTests.h */ = {isa = PBXFileReference; lastKnownFileType = sourcecode.c.h; path = ScoreBoardTests.h; sourceTree = "<group>"; };
		BEC8F71D13F197660051770E /* ScoreBoardTests.m */ = {isa = PBXFileReference; lastKnownFileType = sourcecode.c.objc; path = ScoreBoardTests.m; sourceTree = "<group>"; };
		BED2828D19DDB1480005C7FC /* fr */ = {isa = PBXFileReference; lastKnownFileType = text.plist.strings; name = fr; path = fr.lproj/Localizable.strings; sourceTree = "<group>"; };
		BED9C7C419D9BB1600CC9D81 /* SBRearMenuCell.h */ = {isa = PBXFileReference; fileEncoding = 4; lastKnownFileType = sourcecode.c.h; path = SBRearMenuCell.h; sourceTree = "<group>"; };
		BED9C7C519D9BB1600CC9D81 /* SBRearMenuCell.m */ = {isa = PBXFileReference; fileEncoding = 4; lastKnownFileType = sourcecode.c.objc; path = SBRearMenuCell.m; sourceTree = "<group>"; };
		BED9C7C919DAA04900CC9D81 /* SBGameManager.h */ = {isa = PBXFileReference; fileEncoding = 4; lastKnownFileType = sourcecode.c.h; path = SBGameManager.h; sourceTree = "<group>"; };
		BED9C7CA19DAA04900CC9D81 /* SBGameManager.m */ = {isa = PBXFileReference; fileEncoding = 4; lastKnownFileType = sourcecode.c.objc; path = SBGameManager.m; sourceTree = "<group>"; };
		BEE631CF205E670700BB4673 /* Screenshots */ = {isa = PBXFileReference; lastKnownFileType = folder; path = Screenshots; sourceTree = "<group>"; };
		BEE631D1205E671D00BB4673 /* README.md */ = {isa = PBXFileReference; lastKnownFileType = net.daringfireball.markdown; path = README.md; sourceTree = "<group>"; };
		BEE63215205EA51200BB4673 /* MainSplitViewController.h */ = {isa = PBXFileReference; lastKnownFileType = sourcecode.c.h; path = MainSplitViewController.h; sourceTree = "<group>"; };
		BEE63216205EA51200BB4673 /* MainSplitViewController.m */ = {isa = PBXFileReference; lastKnownFileType = sourcecode.c.objc; path = MainSplitViewController.m; sourceTree = "<group>"; };
		BEE89FF7143324A200039D87 /* DatabaseAccess.h */ = {isa = PBXFileReference; fileEncoding = 4; lastKnownFileType = sourcecode.c.h; path = DatabaseAccess.h; sourceTree = "<group>"; };
		BEE89FF8143324A200039D87 /* DatabaseAccess.m */ = {isa = PBXFileReference; fileEncoding = 4; lastKnownFileType = sourcecode.c.objc; path = DatabaseAccess.m; sourceTree = "<group>"; };
		BEE98E9213FD858500716683 /* SBAddPlayerViewController.h */ = {isa = PBXFileReference; fileEncoding = 4; lastKnownFileType = sourcecode.c.h; path = SBAddPlayerViewController.h; sourceTree = "<group>"; };
		BEE98E9313FD858500716683 /* SBAddPlayerViewController.m */ = {isa = PBXFileReference; fileEncoding = 4; lastKnownFileType = sourcecode.c.objc; path = SBAddPlayerViewController.m; sourceTree = "<group>"; };
		BEF51727204A9C6700C5B583 /* WebKit.framework */ = {isa = PBXFileReference; lastKnownFileType = wrapper.framework; name = WebKit.framework; path = System/Library/Frameworks/WebKit.framework; sourceTree = SDKROOT; };
		BEF51729204AA11300C5B583 /* SafariServices.framework */ = {isa = PBXFileReference; lastKnownFileType = wrapper.framework; name = SafariServices.framework; path = System/Library/Frameworks/SafariServices.framework; sourceTree = SDKROOT; };
		BEFF5E3020489015006823FC /* Contacts.framework */ = {isa = PBXFileReference; lastKnownFileType = wrapper.framework; name = Contacts.framework; path = System/Library/Frameworks/Contacts.framework; sourceTree = SDKROOT; };
		BEFF5E3120489016006823FC /* ContactsUI.framework */ = {isa = PBXFileReference; lastKnownFileType = wrapper.framework; name = ContactsUI.framework; path = System/Library/Frameworks/ContactsUI.framework; sourceTree = SDKROOT; };
/* End PBXFileReference section */

/* Begin PBXFrameworksBuildPhase section */
		BEC8F6EC13F197650051770E /* Frameworks */ = {
			isa = PBXFrameworksBuildPhase;
			buildActionMask = 2147483647;
			files = (
				BEFF5E3220489016006823FC /* Contacts.framework in Frameworks */,
				BEFF5E3320489016006823FC /* ContactsUI.framework in Frameworks */,
				BEBB81641444EB870070F64A /* MessageUI.framework in Frameworks */,
				BE3A7FAB1416AEED009A1B0B /* AddressBook.framework in Frameworks */,
				BE3A7FA81416AEDE009A1B0B /* AddressBookUI.framework in Frameworks */,
				BE2639E1140C14D6006F8C20 /* MobileCoreServices.framework in Frameworks */,
				BE68714D13FB069700E515D8 /* CoreData.framework in Frameworks */,
				BEC8F6F413F197650051770E /* UIKit.framework in Frameworks */,
				BEC8F6F613F197650051770E /* Foundation.framework in Frameworks */,
				BEC8F6F813F197650051770E /* CoreGraphics.framework in Frameworks */,
			);
			runOnlyForDeploymentPostprocessing = 0;
		};
		BEC8F70913F197660051770E /* Frameworks */ = {
			isa = PBXFrameworksBuildPhase;
			buildActionMask = 2147483647;
			files = (
				BEC8F70F13F197660051770E /* SenTestingKit.framework in Frameworks */,
				BEC8F71013F197660051770E /* UIKit.framework in Frameworks */,
				BEC8F71113F197660051770E /* Foundation.framework in Frameworks */,
				BEC8F71213F197660051770E /* CoreGraphics.framework in Frameworks */,
			);
			runOnlyForDeploymentPostprocessing = 0;
		};
/* End PBXFrameworksBuildPhase section */

/* Begin PBXGroup section */
		BE09EFB41453508A0094C38C /* UIImageLibrary */ = {
			isa = PBXGroup;
			children = (
				BE09EFAA145321E80094C38C /* UIImage+Resize.h */,
				BE09EFAB145321E80094C38C /* UIImage+Resize.m */,
				BE09EFAE145322F10094C38C /* UIImage+RoundedCorner.h */,
				BE09EFAF145322F10094C38C /* UIImage+RoundedCorner.m */,
				BE09EFB1145323310094C38C /* UIImage+Alpha.h */,
				BE09EFB2145323310094C38C /* UIImage+Alpha.m */,
			);
			name = UIImageLibrary;
			sourceTree = "<group>";
		};
		BE63BC4019DC21AD008F9993 /* Historical Games */ = {
			isa = PBXGroup;
			children = (
				BEAC1D8419D8026A0019D87A /* SBRearMenuViewController.h */,
				BEAC1D8519D8026A0019D87A /* SBRearMenuViewController.m */,
				BED9C7C419D9BB1600CC9D81 /* SBRearMenuCell.h */,
				BED9C7C519D9BB1600CC9D81 /* SBRearMenuCell.m */,
				BE0921CA2055B060002F071E /* SBHistoryCell.h */,
				BE0921CB2055B060002F071E /* SBHistoryCell.m */,
			);
			name = "Historical Games";
			sourceTree = "<group>";
		};
		BE6ECF1813F6831800A999CD /* Resources */ = {
			isa = PBXGroup;
			children = (
				BE09E7F8189EDD87008FF16A /* Images.xcassets */,
				BE63BC3E19DC1FCE008F9993 /* Launch.jpg */,
				BE934CB71438C1050051B5AA /* No_Photo.png */,
				BE3D07031466C645006508BC /* Icon.png */,
				BE3D07051466C662006508BC /* Icon@2x.png */,
				BEC8F70113F197660051770E /* ScoreLog-Prefix.pch */,
				BEC8F6FB13F197650051770E /* ScoreLog-Info.plist */,
				BED2828E19DDB1480005C7FC /* Localizable.strings */,
			);
			name = Resources;
			sourceTree = "<group>";
		};
		BE8DC91D142DCD7C00F334DE /* Model and Model Classes */ = {
			isa = PBXGroup;
			children = (
				BE8DC91F142DCDCF00F334DE /* ScoreBoardModel.xcdatamodeld */,
				BE9589D41441D19D00B0D124 /* ModelGameConfig.h */,
				BE9589D51441D19D00B0D124 /* ModelGameConfig.m */,
				BE76646314404F6E00543CB1 /* ModelScoreBoard.h */,
				BE76646414404F6E00543CB1 /* ModelScoreBoard.m */,
				BE9699EC1435665800D0DD59 /* ModelScoreList.h */,
				BE9699ED1435665800D0DD59 /* ModelScoreList.m */,
				BE16959E1434F7AB001FC88F /* ModelScorePlayer.h */,
				BE16959F1434F7AB001FC88F /* ModelScorePlayer.m */,
				BE932AB2142FC75100324CC3 /* ModelPlayer.h */,
				BE932AB3142FC75100324CC3 /* ModelPlayer.m */,
			);
			name = "Model and Model Classes";
			sourceTree = "<group>";
		};
		BEB091BD18941F970012CA47 /* Utilities */ = {
			isa = PBXGroup;
			children = (
				BEB091BE18941FBB0012CA47 /* MailHelper.h */,
				BEB091BF18941FBB0012CA47 /* MailHelper.m */,
				BEB091C1189420F00012CA47 /* Utilities.h */,
				BEB091C2189420F00012CA47 /* Utilities.m */,
			);
			name = Utilities;
			sourceTree = "<group>";
		};
		BEBD059F189068E7004A723A /* AddPlayer */ = {
			isa = PBXGroup;
			children = (
				BEE98E9213FD858500716683 /* SBAddPlayerViewController.h */,
				BEE98E9313FD858500716683 /* SBAddPlayerViewController.m */,
			);
			name = AddPlayer;
			sourceTree = "<group>";
		};
		BEBD05A018906B27004A723A /* AddScoreToPlayer */ = {
			isa = PBXGroup;
			children = (
				BEC8977714042E1C00D1F674 /* SBAddScoreToPlayerViewController.h */,
				BEC8977814042E1C00D1F674 /* SBAddScoreToPlayerViewController.m */,
			);
			name = AddScoreToPlayer;
			sourceTree = "<group>";
		};
		BEBD05A118906BDD004A723A /* DatabaseAccess */ = {
			isa = PBXGroup;
			children = (
				BEE89FF7143324A200039D87 /* DatabaseAccess.h */,
				BEE89FF8143324A200039D87 /* DatabaseAccess.m */,
				BEBA14151893090B00FD18A8 /* DatabaseHelper.h */,
				BEBA14161893090B00FD18A8 /* DatabaseHelper.m */,
			);
			name = DatabaseAccess;
			path = ScoreBoard;
			sourceTree = "<group>";
		};
		BEBD05A318906CE4004A723A /* GameType */ = {
			isa = PBXGroup;
			children = (
				BE9589C81441A73600B0D124 /* SBGameTypeViewController.h */,
				BE9589C91441A73600B0D124 /* SBGameTypeViewController.m */,
			);
			name = GameType;
			sourceTree = "<group>";
		};
		BEBD05A418906E06004A723A /* PlayersTable */ = {
			isa = PBXGroup;
			children = (
				BE68714813FAFC1500E515D8 /* SBPlayersViewContoller.h */,
				BE68714913FAFC1500E515D8 /* SBPlayersViewContoller.m */,
				BE66A93120586EC700BF0127 /* SBActionsTableViewCell.h */,
				BE66A93220586EC700BF0127 /* SBActionsTableViewCell.m */,
				BEA2A91A143B8AB100167466 /* SBPlayersCell.h */,
				BEA2A91B143B8AB100167466 /* SBPlayersCell.m */,
				BEBD05A018906B27004A723A /* AddScoreToPlayer */,
				BEBD059F189068E7004A723A /* AddPlayer */,
				BEBD05A318906CE4004A723A /* GameType */,
			);
			name = PlayersTable;
			sourceTree = "<group>";
		};
		BEC8F6E413F197650051770E = {
			isa = PBXGroup;
			children = (
				BE9D25C71645373F0040A556 /* default-568h@2x.png */,
				BE8DC91D142DCD7C00F334DE /* Model and Model Classes */,
				BE6ECF1813F6831800A999CD /* Resources */,
				BE09EFB41453508A0094C38C /* UIImageLibrary */,
				BEB091BD18941F970012CA47 /* Utilities */,
				BEBD05A118906BDD004A723A /* DatabaseAccess */,
				BEC8F6F913F197650051770E /* ScoreBoard */,
				BEC8F71513F197660051770E /* ScoreBoardTests */,
				BEC8F6F213F197650051770E /* Frameworks */,
				BEC8F6F013F197650051770E /* Products */,
				BEE631D1205E671D00BB4673 /* README.md */,
				BEE631CF205E670700BB4673 /* Screenshots */,
			);
			sourceTree = "<group>";
		};
		BEC8F6F013F197650051770E /* Products */ = {
			isa = PBXGroup;
			children = (
				BEC8F6EF13F197650051770E /* ScoreLog.app */,
				BEC8F70D13F197660051770E /* ScoreLogTests.octest */,
			);
			name = Products;
			sourceTree = "<group>";
		};
		BEC8F6F213F197650051770E /* Frameworks */ = {
			isa = PBXGroup;
			children = (
				BEF51729204AA11300C5B583 /* SafariServices.framework */,
				BEF51727204A9C6700C5B583 /* WebKit.framework */,
				BEFF5E3020489015006823FC /* Contacts.framework */,
				BEFF5E3120489016006823FC /* ContactsUI.framework */,
				BE22F85B145D5A8F00210BF8 /* iAd.framework */,
				BEBB81631444EB870070F64A /* MessageUI.framework */,
				BE3A7FAA1416AEED009A1B0B /* AddressBook.framework */,
				BE3A7FA71416AEDE009A1B0B /* AddressBookUI.framework */,
				BE2639E0140C14D6006F8C20 /* MobileCoreServices.framework */,
				BE68714C13FB069700E515D8 /* CoreData.framework */,
				BEC8F6F313F197650051770E /* UIKit.framework */,
				BEC8F6F513F197650051770E /* Foundation.framework */,
				BEC8F6F713F197650051770E /* CoreGraphics.framework */,
				BEC8F70E13F197660051770E /* SenTestingKit.framework */,
			);
			name = Frameworks;
			sourceTree = "<group>";
		};
		BEC8F6F913F197650051770E /* ScoreBoard */ = {
			isa = PBXGroup;
			children = (
				BE522F6B189C0FE100D760C1 /* MainStoryboard.storyboard */,
				BE2F12A42059C05100F55695 /* Launch Screen.storyboard */,
				BED9C7C919DAA04900CC9D81 /* SBGameManager.h */,
				BED9C7CA19DAA04900CC9D81 /* SBGameManager.m */,
				BEC8F70213F197660051770E /* ScoreBoardAppDelegate.h */,
				BEC8F70313F197660051770E /* ScoreBoardAppDelegate.m */,
				BEE63215205EA51200BB4673 /* MainSplitViewController.h */,
				BEE63216205EA51200BB4673 /* MainSplitViewController.m */,
				BE63BC4019DC21AD008F9993 /* Historical Games */,
				BEBD05A418906E06004A723A /* PlayersTable */,
				BEC8F6FA13F197650051770E /* Supporting Files */,
			);
			path = ScoreBoard;
			sourceTree = "<group>";
		};
		BEC8F6FA13F197650051770E /* Supporting Files */ = {
			isa = PBXGroup;
			children = (
				BEC8F6FF13F197650051770E /* main.m */,
			);
			name = "Supporting Files";
			sourceTree = "<group>";
		};
		BEC8F71513F197660051770E /* ScoreBoardTests */ = {
			isa = PBXGroup;
			children = (
				BEC8F71B13F197660051770E /* ScoreBoardTests.h */,
				BEC8F71D13F197660051770E /* ScoreBoardTests.m */,
				BEC8F71613F197660051770E /* Supporting Files */,
			);
			path = ScoreBoardTests;
			sourceTree = "<group>";
		};
		BEC8F71613F197660051770E /* Supporting Files */ = {
			isa = PBXGroup;
			children = (
				BEC8F71713F197660051770E /* ScoreLogTests-Info.plist */,
			);
			name = "Supporting Files";
			sourceTree = "<group>";
		};
/* End PBXGroup section */

/* Begin PBXNativeTarget section */
		BEC8F6EE13F197650051770E /* Score Log */ = {
			isa = PBXNativeTarget;
			buildConfigurationList = BEC8F72113F197660051770E /* Build configuration list for PBXNativeTarget "Score Log" */;
			buildPhases = (
				BEC8F6EB13F197650051770E /* Sources */,
				BEC8F6EC13F197650051770E /* Frameworks */,
				BEC8F6ED13F197650051770E /* Resources */,
			);
			buildRules = (
			);
			dependencies = (
			);
			name = "Score Log";
			productName = ScoreBoard;
			productReference = BEC8F6EF13F197650051770E /* ScoreLog.app */;
			productType = "com.apple.product-type.application";
		};
		BEC8F70C13F197660051770E /* ScoreLogTests */ = {
			isa = PBXNativeTarget;
			buildConfigurationList = BEC8F72413F197660051770E /* Build configuration list for PBXNativeTarget "ScoreLogTests" */;
			buildPhases = (
				BEC8F70813F197660051770E /* Sources */,
				BEC8F70913F197660051770E /* Frameworks */,
				BEC8F70A13F197660051770E /* Resources */,
				BEC8F70B13F197660051770E /* ShellScript */,
			);
			buildRules = (
			);
			dependencies = (
				BEC8F71413F197660051770E /* PBXTargetDependency */,
			);
			name = ScoreLogTests;
			productName = ScoreBoardTests;
			productReference = BEC8F70D13F197660051770E /* ScoreLogTests.octest */;
			productType = "com.apple.product-type.bundle.ocunit-test";
		};
/* End PBXNativeTarget section */

/* Begin PBXProject section */
		BEC8F6E613F197650051770E /* Project object */ = {
			isa = PBXProject;
			attributes = {
				LastUpgradeCheck = 0930;
				TargetAttributes = {
					BEC8F6EE13F197650051770E = {
						DevelopmentTeam = 7VVU8FW2ME;
						ProvisioningStyle = Automatic;
					};
					BEC8F70C13F197660051770E = {
						DevelopmentTeam = 7VVU8FW2ME;
						ProvisioningStyle = Automatic;
					};
				};
			};
			buildConfigurationList = BEC8F6E913F197650051770E /* Build configuration list for PBXProject "ScoreLog" */;
			compatibilityVersion = "Xcode 3.2";
			developmentRegion = English;
			hasScannedForEncodings = 0;
			knownRegions = (
				en,
				fr,
				Base,
			);
			mainGroup = BEC8F6E413F197650051770E;
			productRefGroup = BEC8F6F013F197650051770E /* Products */;
			projectDirPath = "";
			projectRoot = "";
			targets = (
				BEC8F6EE13F197650051770E /* Score Log */,
				BEC8F70C13F197660051770E /* ScoreLogTests */,
			);
		};
/* End PBXProject section */

/* Begin PBXResourcesBuildPhase section */
		BEC8F6ED13F197650051770E /* Resources */ = {
			isa = PBXResourcesBuildPhase;
			buildActionMask = 2147483647;
			files = (
				BE934CB81438C1050051B5AA /* No_Photo.png in Resources */,
				BED2828C19DDB1480005C7FC /* Localizable.strings in Resources */,
				BE3D07041466C645006508BC /* Icon.png in Resources */,
				BE2F12A52059C05100F55695 /* Launch Screen.storyboard in Resources */,
				BEE631D0205E670700BB4673 /* Screenshots in Resources */,
				BE3D07061466C662006508BC /* Icon@2x.png in Resources */,
				BE09E7F9189EDD87008FF16A /* Images.xcassets in Resources */,
				BE63BC3F19DC1FCE008F9993 /* Launch.jpg in Resources */,
				BE522F69189C0FE100D760C1 /* MainStoryboard.storyboard in Resources */,
				BE9D25C81645373F0040A556 /* default-568h@2x.png in Resources */,
			);
			runOnlyForDeploymentPostprocessing = 0;
		};
		BEC8F70A13F197660051770E /* Resources */ = {
			isa = PBXResourcesBuildPhase;
			buildActionMask = 2147483647;
			files = (
				BEC8F71C13F197660051770E /* ScoreBoardTests.h in Resources */,
			);
			runOnlyForDeploymentPostprocessing = 0;
		};
/* End PBXResourcesBuildPhase section */

/* Begin PBXShellScriptBuildPhase section */
		BEC8F70B13F197660051770E /* ShellScript */ = {
			isa = PBXShellScriptBuildPhase;
			buildActionMask = 2147483647;
			files = (
			);
			inputPaths = (
			);
			outputPaths = (
			);
			runOnlyForDeploymentPostprocessing = 0;
			shellPath = /bin/sh;
			shellScript = "# Run the unit tests in this test bundle.\n\"${SYSTEM_DEVELOPER_DIR}/Tools/RunUnitTests\"\n";
		};
/* End PBXShellScriptBuildPhase section */

/* Begin PBXSourcesBuildPhase section */
		BEC8F6EB13F197650051770E /* Sources */ = {
			isa = PBXSourcesBuildPhase;
			buildActionMask = 2147483647;
			files = (
				BEBA14171893090B00FD18A8 /* DatabaseHelper.m in Sources */,
				BEC8F70013F197660051770E /* main.m in Sources */,
				BEC8F70413F197660051770E /* ScoreBoardAppDelegate.m in Sources */,
				BE68714A13FAFC1500E515D8 /* SBPlayersViewContoller.m in Sources */,
				BED9C7CB19DAA04900CC9D81 /* SBGameManager.m in Sources */,
				BEE98E9413FD858500716683 /* SBAddPlayerViewController.m in Sources */,
				BEC8977914042E1C00D1F674 /* SBAddScoreToPlayerViewController.m in Sources */,
				BE8DC921142DCDCF00F334DE /* ScoreBoardModel.xcdatamodeld in Sources */,
				BE932AB4142FC75100324CC3 /* ModelPlayer.m in Sources */,
				BEE89FF9143324A200039D87 /* DatabaseAccess.m in Sources */,
				BE1695A01434F7AB001FC88F /* ModelScorePlayer.m in Sources */,
				BED9C7C619D9BB1600CC9D81 /* SBRearMenuCell.m in Sources */,
				BE9699EE1435665800D0DD59 /* ModelScoreList.m in Sources */,
				BEAC1D8619D8026B0019D87A /* SBRearMenuViewController.m in Sources */,
				BEA2A91C143B8AB100167466 /* SBPlayersCell.m in Sources */,
				BE76646514404F6E00543CB1 /* ModelScoreBoard.m in Sources */,
				BE9589CA1441A73600B0D124 /* SBGameTypeViewController.m in Sources */,
				BE9589D61441D19D00B0D124 /* ModelGameConfig.m in Sources */,
				BE09EFAC145321E80094C38C /* UIImage+Resize.m in Sources */,
				BE09EFB0145322F10094C38C /* UIImage+RoundedCorner.m in Sources */,
				BE0921CC2055B060002F071E /* SBHistoryCell.m in Sources */,
				BEE63217205EA51200BB4673 /* MainSplitViewController.m in Sources */,
				BE66A93320586EC700BF0127 /* SBActionsTableViewCell.m in Sources */,
				BE09EFB3145323310094C38C /* UIImage+Alpha.m in Sources */,
				BEB091C018941FBB0012CA47 /* MailHelper.m in Sources */,
				BEB091C3189420F00012CA47 /* Utilities.m in Sources */,
			);
			runOnlyForDeploymentPostprocessing = 0;
		};
		BEC8F70813F197660051770E /* Sources */ = {
			isa = PBXSourcesBuildPhase;
			buildActionMask = 2147483647;
			files = (
				BEC8F71E13F197660051770E /* ScoreBoardTests.m in Sources */,
			);
			runOnlyForDeploymentPostprocessing = 0;
		};
/* End PBXSourcesBuildPhase section */

/* Begin PBXTargetDependency section */
		BEC8F71413F197660051770E /* PBXTargetDependency */ = {
			isa = PBXTargetDependency;
			target = BEC8F6EE13F197650051770E /* Score Log */;
			targetProxy = BEC8F71313F197660051770E /* PBXContainerItemProxy */;
		};
/* End PBXTargetDependency section */

/* Begin PBXVariantGroup section */
		BE522F6B189C0FE100D760C1 /* MainStoryboard.storyboard */ = {
			isa = PBXVariantGroup;
			children = (
				BE522F6A189C0FE100D760C1 /* Base */,
				BE2F12A32059B1A400F55695 /* fr */,
			);
			name = MainStoryboard.storyboard;
			sourceTree = "<group>";
		};
		BED2828E19DDB1480005C7FC /* Localizable.strings */ = {
			isa = PBXVariantGroup;
			children = (
				BED2828D19DDB1480005C7FC /* fr */,
			);
			name = Localizable.strings;
			sourceTree = "<group>";
		};
/* End PBXVariantGroup section */

/* Begin XCBuildConfiguration section */
		BEC8F71F13F197660051770E /* Debug */ = {
			isa = XCBuildConfiguration;
			buildSettings = {
				ALWAYS_SEARCH_USER_PATHS = NO;
				CLANG_ANALYZER_LOCALIZABILITY_NONLOCALIZED = YES;
				CODE_SIGN_IDENTITY = "";
				"CODE_SIGN_IDENTITY[sdk=iphoneos*]" = "";
				COPY_PHASE_STRIP = NO;
				ENABLE_TESTABILITY = YES;
				GCC_C_LANGUAGE_STANDARD = gnu99;
				GCC_DYNAMIC_NO_PIC = NO;
				GCC_OPTIMIZATION_LEVEL = 0;
				GCC_PREPROCESSOR_DEFINITIONS = (
					"DEBUG=1",
					"$(inherited)",
				);
				GCC_SYMBOLS_PRIVATE_EXTERN = NO;
				GCC_VERSION = com.apple.compilers.llvmgcc42;
				GCC_WARN_ABOUT_MISSING_PROTOTYPES = YES;
				GCC_WARN_ABOUT_RETURN_TYPE = YES;
				GCC_WARN_UNUSED_VARIABLE = YES;
				IPHONEOS_DEPLOYMENT_TARGET = 11.0;
				ONLY_ACTIVE_ARCH = YES;
				PROVISIONING_PROFILE = "";
				SDKROOT = iphoneos;
			};
			name = Debug;
		};
		BEC8F72013F197660051770E /* Release */ = {
			isa = XCBuildConfiguration;
			buildSettings = {
				ALWAYS_SEARCH_USER_PATHS = NO;
				CLANG_ANALYZER_LOCALIZABILITY_NONLOCALIZED = YES;
				CODE_SIGN_IDENTITY = "";
				"CODE_SIGN_IDENTITY[sdk=iphoneos*]" = "";
				COPY_PHASE_STRIP = YES;
				GCC_C_LANGUAGE_STANDARD = gnu99;
				GCC_VERSION = com.apple.compilers.llvmgcc42;
				GCC_WARN_ABOUT_MISSING_PROTOTYPES = YES;
				GCC_WARN_ABOUT_RETURN_TYPE = YES;
				GCC_WARN_UNUSED_VARIABLE = YES;
				IPHONEOS_DEPLOYMENT_TARGET = 11.0;
				OTHER_CFLAGS = "-DNS_BLOCK_ASSERTIONS=1";
				PRODUCT_NAME = "Score Log";
				PROVISIONING_PROFILE = "";
				"PROVISIONING_PROFILE[sdk=iphoneos*]" = "";
				SDKROOT = iphoneos;
				VALIDATE_PRODUCT = YES;
			};
			name = Release;
		};
		BEC8F72213F197660051770E /* Debug */ = {
			isa = XCBuildConfiguration;
			buildSettings = {
				ASSETCATALOG_COMPILER_APPICON_NAME = AppIcon;
				CLANG_ENABLE_OBJC_ARC = YES;
				CLANG_ENABLE_OBJC_WEAK = YES;
				CODE_SIGN_IDENTITY = "iPhone Developer";
				"CODE_SIGN_IDENTITY[sdk=iphoneos*]" = "iPhone Developer";
				CODE_SIGN_STYLE = Automatic;
				DEVELOPMENT_TEAM = 7VVU8FW2ME;
				GCC_INCREASE_PRECOMPILED_HEADER_SHARING = YES;
				GCC_PRECOMPILE_PREFIX_HEADER = YES;
				GCC_PREFIX_HEADER = "ScoreBoard/ScoreLog-Prefix.pch";
				GCC_VERSION = com.apple.compilers.llvm.clang.1_0;
				INFOPLIST_FILE = "ScoreBoard/ScoreLog-Info.plist";
				IPHONEOS_DEPLOYMENT_TARGET = 11.0;
				PRODUCT_BUNDLE_IDENTIFIER = "SebCompany.${PRODUCT_NAME:rfc1034identifier}";
				PRODUCT_NAME = ScoreLog;
				PROVISIONING_PROFILE = "";
				"PROVISIONING_PROFILE[sdk=iphoneos*]" = "";
				PROVISIONING_PROFILE_SPECIFIER = "";
				TARGETED_DEVICE_FAMILY = "1,2";
				WRAPPER_EXTENSION = app;
			};
			name = Debug;
		};
		BEC8F72313F197660051770E /* Release */ = {
			isa = XCBuildConfiguration;
			buildSettings = {
				ASSETCATALOG_COMPILER_APPICON_NAME = AppIcon;
				CLANG_ENABLE_OBJC_ARC = YES;
				CLANG_ENABLE_OBJC_WEAK = YES;
				CODE_SIGN_IDENTITY = "iPhone Developer";
				"CODE_SIGN_IDENTITY[sdk=iphoneos*]" = "iPhone Developer";
				CODE_SIGN_STYLE = Automatic;
				DEVELOPMENT_TEAM = 7VVU8FW2ME;
				GCC_INCREASE_PRECOMPILED_HEADER_SHARING = YES;
				GCC_PRECOMPILE_PREFIX_HEADER = YES;
				GCC_PREFIX_HEADER = "ScoreBoard/ScoreLog-Prefix.pch";
				GCC_VERSION = com.apple.compilers.llvm.clang.1_0;
				INFOPLIST_FILE = "ScoreBoard/ScoreLog-Info.plist";
				IPHONEOS_DEPLOYMENT_TARGET = 11.0;
				PRODUCT_BUNDLE_IDENTIFIER = "SebCompany.${PRODUCT_NAME:rfc1034identifier}";
				PRODUCT_NAME = ScoreLog;
				PROVISIONING_PROFILE = "";
				"PROVISIONING_PROFILE[sdk=iphoneos*]" = "";
				PROVISIONING_PROFILE_SPECIFIER = "";
				TARGETED_DEVICE_FAMILY = "1,2";
				WRAPPER_EXTENSION = app;
			};
			name = Release;
		};
		BEC8F72513F197660051770E /* Debug */ = {
			isa = XCBuildConfiguration;
			buildSettings = {
				BUNDLE_LOADER = "$(BUILT_PRODUCTS_DIR)/ScoreBoard.app/ScoreBoard";
				CLANG_ENABLE_OBJC_WEAK = YES;
				"CODE_SIGN_IDENTITY[sdk=iphoneos*]" = "iPhone Developer";
				CODE_SIGN_STYLE = Automatic;
				DEVELOPMENT_TEAM = 7VVU8FW2ME;
				FRAMEWORK_SEARCH_PATHS = (
					"$(SDKROOT)/Developer/Library/Frameworks",
					"$(DEVELOPER_LIBRARY_DIR)/Frameworks",
				);
				GCC_PRECOMPILE_PREFIX_HEADER = YES;
				GCC_PREFIX_HEADER = "ScoreBoard/ScoreLog-Prefix.pch";
				GCC_VERSION = com.apple.compilers.llvm.clang.1_0;
				INFOPLIST_FILE = "ScoreBoardTests/ScoreLogTests-Info.plist";
				PRODUCT_BUNDLE_IDENTIFIER = "SebCompany.${PRODUCT_NAME:rfc1034identifier}";
				PRODUCT_NAME = ScoreLogTests;
				PROVISIONING_PROFILE_SPECIFIER = "";
				TEST_HOST = "$(BUNDLE_LOADER)";
				WRAPPER_EXTENSION = octest;
			};
			name = Debug;
		};
		BEC8F72613F197660051770E /* Release */ = {
			isa = XCBuildConfiguration;
			buildSettings = {
				BUNDLE_LOADER = "$(BUILT_PRODUCTS_DIR)/ScoreBoard.app/ScoreBoard";
				CLANG_ENABLE_OBJC_WEAK = YES;
				"CODE_SIGN_IDENTITY[sdk=iphoneos*]" = "iPhone Developer";
				CODE_SIGN_STYLE = Automatic;
				DEVELOPMENT_TEAM = 7VVU8FW2ME;
				FRAMEWORK_SEARCH_PATHS = (
					"$(SDKROOT)/Developer/Library/Frameworks",
					"$(DEVELOPER_LIBRARY_DIR)/Frameworks",
				);
				GCC_PRECOMPILE_PREFIX_HEADER = YES;
				GCC_PREFIX_HEADER = "ScoreBoard/ScoreLog-Prefix.pch";
				GCC_VERSION = com.apple.compilers.llvm.clang.1_0;
				INFOPLIST_FILE = "ScoreBoardTests/ScoreLogTests-Info.plist";
				PRODUCT_BUNDLE_IDENTIFIER = "SebCompany.${PRODUCT_NAME:rfc1034identifier}";
				PRODUCT_NAME = ScoreLogTests;
				PROVISIONING_PROFILE_SPECIFIER = "";
				TEST_HOST = "$(BUNDLE_LOADER)";
				WRAPPER_EXTENSION = octest;
			};
			name = Release;
		};
/* End XCBuildConfiguration section */

/* Begin XCConfigurationList section */
		BEC8F6E913F197650051770E /* Build configuration list for PBXProject "ScoreLog" */ = {
			isa = XCConfigurationList;
			buildConfigurations = (
				BEC8F71F13F197660051770E /* Debug */,
				BEC8F72013F197660051770E /* Release */,
			);
			defaultConfigurationIsVisible = 0;
			defaultConfigurationName = Release;
		};
		BEC8F72113F197660051770E /* Build configuration list for PBXNativeTarget "Score Log" */ = {
			isa = XCConfigurationList;
			buildConfigurations = (
				BEC8F72213F197660051770E /* Debug */,
				BEC8F72313F197660051770E /* Release */,
			);
			defaultConfigurationIsVisible = 0;
			defaultConfigurationName = Release;
		};
		BEC8F72413F197660051770E /* Build configuration list for PBXNativeTarget "ScoreLogTests" */ = {
			isa = XCConfigurationList;
			buildConfigurations = (
				BEC8F72513F197660051770E /* Debug */,
				BEC8F72613F197660051770E /* Release */,
			);
			defaultConfigurationIsVisible = 0;
			defaultConfigurationName = Release;
		};
/* End XCConfigurationList section */

/* Begin XCVersionGroup section */
		BE8DC91F142DCDCF00F334DE /* ScoreBoardModel.xcdatamodeld */ = {
			isa = XCVersionGroup;
			children = (
				BE8DC920142DCDCF00F334DE /* ScoreBoardModel.xcdatamodel */,
			);
			currentVersion = BE8DC920142DCDCF00F334DE /* ScoreBoardModel.xcdatamodel */;
			path = ScoreBoardModel.xcdatamodeld;
			sourceTree = "<group>";
			versionGroupType = wrapper.xcdatamodel;
		};
/* End XCVersionGroup section */
	};
	rootObject = BEC8F6E613F197650051770E /* Project object */;
}
